<?xml version="1.0" encoding="utf-8"?>
<Project ToolsVersion="4.0" xmlns="http://schemas.microsoft.com/developer/msbuild/2003">
  <ItemGroup>
    <Filter Include="Support Classes">
      <UniqueIdentifier>{d1a8119f-fade-4be1-8dc7-a2e5095b6910}</UniqueIdentifier>
    </Filter>
    <Filter Include="Tests">
      <UniqueIdentifier>{67891a66-bd78-4ad1-ba02-20637febb582}</UniqueIdentifier>
    </Filter>
    <Filter Include="Json Files">
      <UniqueIdentifier>{a812b317-4edd-4a25-9fa0-8204187474d1}</UniqueIdentifier>
    </Filter>
  </ItemGroup>
  <ItemGroup>
    <ClCompile Include="Foo.cpp">
      <Filter>Support Classes</Filter>
    </ClCompile>
    <ClCompile Include="pch.cpp" />
    <ClCompile Include="SListTests.cpp">
      <Filter>Tests</Filter>
    </ClCompile>
    <ClCompile Include="FooTests.cpp">
      <Filter>Tests</Filter>
    </ClCompile>
    <ClCompile Include="VectorTests.cpp">
      <Filter>Tests</Filter>
    </ClCompile>
    <ClCompile Include="HashMapTests.cpp">
      <Filter>Tests</Filter>
    </ClCompile>
    <ClCompile Include="DatumTests.cpp">
      <Filter>Tests</Filter>
    </ClCompile>
    <ClCompile Include="DefaultHashTests.cpp">
      <Filter>Tests</Filter>
    </ClCompile>
    <ClCompile Include="ScopeTests.cpp">
      <Filter>Tests</Filter>
    </ClCompile>
    <ClCompile Include="AttributedFoo.cpp">
      <Filter>Support Classes</Filter>
    </ClCompile>
    <ClCompile Include="TestModule.cpp">
      <Filter>Support Classes</Filter>
    </ClCompile>
    <ClCompile Include="AttributedTests.cpp">
      <Filter>Tests</Filter>
    </ClCompile>
    <ClCompile Include="AttributedBrilliantFoo.cpp">
      <Filter>Support Classes</Filter>
    </ClCompile>
    <ClCompile Include="AttributedFooTests.cpp">
      <Filter>Tests</Filter>
    </ClCompile>
    <ClCompile Include="JsonIntegerParseHelper.cpp">
      <Filter>Support Classes</Filter>
    </ClCompile>
    <ClCompile Include="JsonParseMasterTests.cpp">
      <Filter>Tests</Filter>
    </ClCompile>
    <ClCompile Include="JsonTestParseHelper.cpp">
      <Filter>Support Classes</Filter>
    </ClCompile>
    <ClCompile Include="JsonTestParseHelperTest.cpp">
      <Filter>Tests</Filter>
    </ClCompile>
    <ClCompile Include="JsonTableParseTests.cpp">
      <Filter>Tests</Filter>
    </ClCompile>
    <ClCompile Include="FactoryTests.cpp">
      <Filter>Tests</Filter>
    </ClCompile>
    <ClCompile Include="GameObjectTests.cpp">
      <Filter>Tests</Filter>
    </ClCompile>
    <ClCompile Include="Avatar.cpp">
      <Filter>Support Classes</Filter>
    </ClCompile>
    <ClCompile Include="ActionTests.cpp">
      <Filter>Tests</Filter>
    </ClCompile>
    <ClCompile Include="FooEventSubscribers.cpp">
      <Filter>Support Classes</Filter>
    </ClCompile>
    <ClCompile Include="EventTest.cpp">
      <Filter>Tests</Filter>
    </ClCompile>
  </ItemGroup>
  <ItemGroup>
    <ClInclude Include="Foo.h">
      <Filter>Support Classes</Filter>
    </ClInclude>
    <ClInclude Include="pch.h" />
    <ClInclude Include="ToStringSpecializations.h" />
    <ClInclude Include="AttributedFoo.h">
      <Filter>Support Classes</Filter>
    </ClInclude>
    <ClInclude Include="AttributedBrilliantFoo.h">
      <Filter>Support Classes</Filter>
    </ClInclude>
    <ClInclude Include="JsonIntegerParseHelper.h">
      <Filter>Support Classes</Filter>
    </ClInclude>
    <ClInclude Include="JsonTestParseHelper.h">
      <Filter>Support Classes</Filter>
    </ClInclude>
    <ClInclude Include="Avatar.h">
      <Filter>Support Classes</Filter>
    </ClInclude>
    <ClInclude Include="FooEventSubscribers.h">
      <Filter>Support Classes</Filter>
    </ClInclude>
  </ItemGroup>
  <ItemGroup>
    <CopyFileToFolders Include="ActionList.json">
      <Filter>Json Files</Filter>
    </CopyFileToFolders>
    <CopyFileToFolders Include="GameWorldTest.json">
      <Filter>Json Files</Filter>
    </CopyFileToFolders>
    <CopyFileToFolders Include="test.json">
      <Filter>Json Files</Filter>
    </CopyFileToFolders>
  </ItemGroup>
</Project>